PODS:
  - Alamofire (4.3.0)
  - Kingfisher (3.5.0)
  - LFLiveKit (2.6)
  - MJRefresh (3.1.12)
  - MMDrawerController (0.5.7):
    - MMDrawerController/Core (= 0.5.7)
    - MMDrawerController/MMDrawerBarButtonItem (= 0.5.7)
    - MMDrawerController/MMDrawerVisualStates (= 0.5.7)
    - MMDrawerController/Subclass (= 0.5.7)
  - MMDrawerController/Core (0.5.7)
  - MMDrawerController/MMDrawerBarButtonItem (0.5.7):
    - MMDrawerController/Core
  - MMDrawerController/MMDrawerVisualStates (0.5.7):
    - MMDrawerController/Core
  - MMDrawerController/Subclass (0.5.7):
    - MMDrawerController/Core
  - SnapKit (3.2.0)
  - SVProgressHUD (2.1.2)

DEPENDENCIES:
  - Alamofire
  - Kingfisher
  - LFLiveKit
  - MJRefresh
  - MMDrawerController (~> 0.5.7)
  - SnapKit
  - SVProgressHUD

SPEC CHECKSUMS:
  Alamofire: 856a113053a7bc9cbe5d6367a555d773fc5cfef7
  Kingfisher: 7c62087039d93d26c54c8dd9b0b588d2ce55cef6
  LFLiveKit: 2219563721f8aa0f188effc3395a06e2d53b23f2
  MJRefresh: b96cdb21c4aa75a7b07654311ab2f315c497e806
  MMDrawerController: 7a4cf8e25596bf2434e03ce50d22a8608ddee6a1
  SnapKit: 1ca44df72cfa543218d177cb8aab029d10d86ea7
  SVProgressHUD: c404a55d78acbeb7ebb78b76d3faf986475a6994

PODFILE CHECKSUM: 293dbb419dddf6c47152deb32cf6288ccabdafd9

COCOAPODS: 1.2.0
